
Microsoft Visual Studio Solution File, Format Version 12.00
# Visual Studio Version 17
VisualStudioVersion = 17.5.33502.453
MinimumVisualStudioVersion = 10.0.40219.1
Project("{FAE04EC0-301F-11D3-BF4B-00C04F79EFBC}") = "ServicesLINQScholar", "ServicesLINQScholar\ServicesLINQScholar.csproj", "{294D1A42-4CF8-4D54-8FDF-B5A5E2BFA260}"
EndProject
Project("{FAE04EC0-301F-11D3-BF4B-00C04F79EFBC}") = "FrontScholar", "FrontScholar\FrontScholar.csproj", "{0FE06309-0251-4296-A271-D6CDA008F340}"
EndProject
Global
	GlobalSection(SolutionConfigurationPlatforms) = preSolution
		Debug|Any CPU = Debug|Any CPU
		Release|Any CPU = Release|Any CPU
	EndGlobalSection
	GlobalSection(ProjectConfigurationPlatforms) = postSolution
		{294D1A42-4CF8-4D54-8FDF-B5A5E2BFA260}.Debug|Any CPU.ActiveCfg = Debug|Any CPU
		{294D1A42-4CF8-4D54-8FDF-B5A5E2BFA260}.Debug|Any CPU.Build.0 = Debug|Any CPU
		{294D1A42-4CF8-4D54-8FDF-B5A5E2BFA260}.Release|Any CPU.ActiveCfg = Release|Any CPU
		{294D1A42-4CF8-4D54-8FDF-B5A5E2BFA260}.Release|Any CPU.Build.0 = Release|Any CPU
		{0FE06309-0251-4296-A271-D6CDA008F340}.Debug|Any CPU.ActiveCfg = Debug|Any CPU
		{0FE06309-0251-4296-A271-D6CDA008F340}.Debug|Any CPU.Build.0 = Debug|Any CPU
		{0FE06309-0251-4296-A271-D6CDA008F340}.Release|Any CPU.ActiveCfg = Release|Any CPU
		{0FE06309-0251-4296-A271-D6CDA008F340}.Release|Any CPU.Build.0 = Release|Any CPU
	EndGlobalSection
	GlobalSection(SolutionProperties) = preSolution
		HideSolutionNode = FALSE
	EndGlobalSection
	GlobalSection(ExtensibilityGlobals) = postSolution
		SolutionGuid = {080A4946-1DA3-42CB-B42B-B5344DD06680}
	EndGlobalSection
EndGlobal
